// !$*UTF8*$!
{
	archiveVersion = 1;
	classes = {
	};
	objectVersion = 56;
	objects = {

/* Begin PBXBuildFile section */
		9622B89729BE116800385F07 /* AppDelegate.swift in Sources */ = {isa = PBXBuildFile; fileRef = 9622B89629BE116800385F07 /* AppDelegate.swift */; };
		9622B89929BE116800385F07 /* SceneDelegate.swift in Sources */ = {isa = PBXBuildFile; fileRef = 9622B89829BE116800385F07 /* SceneDelegate.swift */; };
		9622B89B29BE116800385F07 /* MainViewController.swift in Sources */ = {isa = PBXBuildFile; fileRef = 9622B89A29BE116800385F07 /* MainViewController.swift */; };
		9622B8A029BE116A00385F07 /* Assets.xcassets in Resources */ = {isa = PBXBuildFile; fileRef = 9622B89F29BE116A00385F07 /* Assets.xcassets */; };
		9622B8A329BE116A00385F07 /* LaunchScreen.storyboard in Resources */ = {isa = PBXBuildFile; fileRef = 9622B8A129BE116A00385F07 /* LaunchScreen.storyboard */; };
		9622B8B129BE131000385F07 /* Note.swift in Sources */ = {isa = PBXBuildFile; fileRef = 9622B8B029BE131000385F07 /* Note.swift */; };
		9622B8B329BE132200385F07 /* NoteService.swift in Sources */ = {isa = PBXBuildFile; fileRef = 9622B8B229BE132200385F07 /* NoteService.swift */; };
		968E594229C31F4500DB8C07 /* NoteCell.swift in Sources */ = {isa = PBXBuildFile; fileRef = 968E594129C31F4500DB8C07 /* NoteCell.swift */; };
		9692EC9729BE176C00578E95 /* NoteViewController.swift in Sources */ = {isa = PBXBuildFile; fileRef = 9692EC9629BE176C00578E95 /* NoteViewController.swift */; };
		96A8C83729BF1093004CA50B /* NoteViewControllerDelegate.swift in Sources */ = {isa = PBXBuildFile; fileRef = 96A8C83629BF1093004CA50B /* NoteViewControllerDelegate.swift */; };
/* End PBXBuildFile section */

/* Begin PBXFileReference section */
		9622B89329BE116800385F07 /* Notes-CFT.app */ = {isa = PBXFileReference; explicitFileType = wrapper.application; includeInIndex = 0; path = "Notes-CFT.app"; sourceTree = BUILT_PRODUCTS_DIR; };
		9622B89629BE116800385F07 /* AppDelegate.swift */ = {isa = PBXFileReference; lastKnownFileType = sourcecode.swift; path = AppDelegate.swift; sourceTree = "<group>"; };
		9622B89829BE116800385F07 /* SceneDelegate.swift */ = {isa = PBXFileReference; lastKnownFileType = sourcecode.swift; path = SceneDelegate.swift; sourceTree = "<group>"; };
		9622B89A29BE116800385F07 /* MainViewController.swift */ = {isa = PBXFileReference; lastKnownFileType = sourcecode.swift; path = MainViewController.swift; sourceTree = "<group>"; };
		9622B89F29BE116A00385F07 /* Assets.xcassets */ = {isa = PBXFileReference; lastKnownFileType = folder.assetcatalog; path = Assets.xcassets; sourceTree = "<group>"; };
		9622B8A429BE116A00385F07 /* Info.plist */ = {isa = PBXFileReference; lastKnownFileType = text.plist.xml; path = Info.plist; sourceTree = "<group>"; };
		9622B8B029BE131000385F07 /* Note.swift */ = {isa = PBXFileReference; lastKnownFileType = sourcecode.swift; path = Note.swift; sourceTree = "<group>"; };
		9622B8B229BE132200385F07 /* NoteService.swift */ = {isa = PBXFileReference; lastKnownFileType = sourcecode.swift; path = NoteService.swift; sourceTree = "<group>"; };
		963F61CC29C4559A00CFB067 /* ru */ = {isa = PBXFileReference; lastKnownFileType = text.plist.strings; name = ru; path = ru.lproj/LaunchScreen.strings; sourceTree = "<group>"; };
		963F61CD29C455A700CFB067 /* ru */ = {isa = PBXFileReference; lastKnownFileType = file.storyboard; name = ru; path = ru.lproj/LaunchScreen.storyboard; sourceTree = "<group>"; };
		968E594129C31F4500DB8C07 /* NoteCell.swift */ = {isa = PBXFileReference; lastKnownFileType = sourcecode.swift; path = NoteCell.swift; sourceTree = "<group>"; };
		9692EC9629BE176C00578E95 /* NoteViewController.swift */ = {isa = PBXFileReference; lastKnownFileType = sourcecode.swift; path = NoteViewController.swift; sourceTree = "<group>"; };
		96A8C83629BF1093004CA50B /* NoteViewControllerDelegate.swift */ = {isa = PBXFileReference; lastKnownFileType = sourcecode.swift; path = NoteViewControllerDelegate.swift; sourceTree = "<group>"; };
/* End PBXFileReference section */

/* Begin PBXFrameworksBuildPhase section */
		9622B89029BE116800385F07 /* Frameworks */ = {
			isa = PBXFrameworksBuildPhase;
			buildActionMask = 2147483647;
			files = (
			);
			runOnlyForDeploymentPostprocessing = 0;
		};
/* End PBXFrameworksBuildPhase section */

/* Begin PBXGroup section */
		9622B88A29BE116800385F07 = {
			isa = PBXGroup;
			children = (
				9622B89529BE116800385F07 /* Notes-CFT */,
				9622B89429BE116800385F07 /* Products */,
			);
			sourceTree = "<group>";
		};
		9622B89429BE116800385F07 /* Products */ = {
			isa = PBXGroup;
			children = (
				9622B89329BE116800385F07 /* Notes-CFT.app */,
			);
			name = Products;
			sourceTree = "<group>";
		};
		9622B89529BE116800385F07 /* Notes-CFT */ = {
			isa = PBXGroup;
			children = (
				9622B8AD29BE12B700385F07 /* Views */,
				9622B8B429BE13CF00385F07 /* Controllers */,
				96A8C83529BF1068004CA50B /* Protocols */,
				9622B8AC29BE12A000385F07 /* API */,
				9622B8AB29BE125E00385F07 /* Application */,
				9622B8AA29BE11D100385F07 /* Resources */,
			);
			path = "Notes-CFT";
			sourceTree = "<group>";
		};
		9622B8AA29BE11D100385F07 /* Resources */ = {
			isa = PBXGroup;
			children = (
				9622B8A429BE116A00385F07 /* Info.plist */,
				9622B89F29BE116A00385F07 /* Assets.xcassets */,
				9622B8A129BE116A00385F07 /* LaunchScreen.storyboard */,
			);
			path = Resources;
			sourceTree = "<group>";
		};
		9622B8AB29BE125E00385F07 /* Application */ = {
			isa = PBXGroup;
			children = (
				9622B89629BE116800385F07 /* AppDelegate.swift */,
				9622B89829BE116800385F07 /* SceneDelegate.swift */,
			);
			path = Application;
			sourceTree = "<group>";
		};
		9622B8AC29BE12A000385F07 /* API */ = {
			isa = PBXGroup;
			children = (
				9622B8AE29BE12F800385F07 /* Models */,
				9622B8AF29BE12FE00385F07 /* Services */,
			);
			path = API;
			sourceTree = "<group>";
		};
		9622B8AD29BE12B700385F07 /* Views */ = {
			isa = PBXGroup;
			children = (
				968E594129C31F4500DB8C07 /* NoteCell.swift */,
			);
			path = Views;
			sourceTree = "<group>";
		};
		9622B8AE29BE12F800385F07 /* Models */ = {
			isa = PBXGroup;
			children = (
				9622B8B029BE131000385F07 /* Note.swift */,
			);
			path = Models;
			sourceTree = "<group>";
		};
		9622B8AF29BE12FE00385F07 /* Services */ = {
			isa = PBXGroup;
			children = (
				9622B8B229BE132200385F07 /* NoteService.swift */,
			);
			path = Services;
			sourceTree = "<group>";
		};
		9622B8B429BE13CF00385F07 /* Controllers */ = {
			isa = PBXGroup;
			children = (
				9622B89A29BE116800385F07 /* MainViewController.swift */,
				9692EC9629BE176C00578E95 /* NoteViewController.swift */,
			);
			path = Controllers;
			sourceTree = "<group>";
		};
		96A8C83529BF1068004CA50B /* Protocols */ = {
			isa = PBXGroup;
			children = (
				96A8C83629BF1093004CA50B /* NoteViewControllerDelegate.swift */,
			);
			path = Protocols;
			sourceTree = "<group>";
		};
/* End PBXGroup section */

/* Begin PBXNativeTarget section */
		9622B89229BE116800385F07 /* Notes-CFT */ = {
			isa = PBXNativeTarget;
			buildConfigurationList = 9622B8A729BE116A00385F07 /* Build configuration list for PBXNativeTarget "Notes-CFT" */;
			buildPhases = (
				9622B88F29BE116800385F07 /* Sources */,
				9622B89029BE116800385F07 /* Frameworks */,
				9622B89129BE116800385F07 /* Resources */,
			);
			buildRules = (
			);
			dependencies = (
			);
			name = "Notes-CFT";
			productName = "Notes-CFT";
			productReference = 9622B89329BE116800385F07 /* Notes-CFT.app */;
			productType = "com.apple.product-type.application";
		};
/* End PBXNativeTarget section */

/* Begin PBXProject section */
		9622B88B29BE116800385F07 /* Project object */ = {
			isa = PBXProject;
			attributes = {
				BuildIndependentTargetsInParallel = 1;
				LastSwiftUpdateCheck = 1410;
				LastUpgradeCheck = 1410;
				TargetAttributes = {
					9622B89229BE116800385F07 = {
						CreatedOnToolsVersion = 14.1;
					};
				};
			};
			buildConfigurationList = 9622B88E29BE116800385F07 /* Build configuration list for PBXProject "Notes-CFT" */;
			compatibilityVersion = "Xcode 14.0";
			developmentRegion = en;
			hasScannedForEncodings = 0;
			knownRegions = (
				en,
				ru,
			);
			mainGroup = 9622B88A29BE116800385F07;
			productRefGroup = 9622B89429BE116800385F07 /* Products */;
			projectDirPath = "";
			projectRoot = "";
			targets = (
				9622B89229BE116800385F07 /* Notes-CFT */,
			);
		};
/* End PBXProject section */

/* Begin PBXResourcesBuildPhase section */
		9622B89129BE116800385F07 /* Resources */ = {
			isa = PBXResourcesBuildPhase;
			buildActionMask = 2147483647;
			files = (
				9622B8A329BE116A00385F07 /* LaunchScreen.storyboard in Resources */,
				9622B8A029BE116A00385F07 /* Assets.xcassets in Resources */,
			);
			runOnlyForDeploymentPostprocessing = 0;
		};
/* End PBXResourcesBuildPhase section */

/* Begin PBXSourcesBuildPhase section */
		9622B88F29BE116800385F07 /* Sources */ = {
			isa = PBXSourcesBuildPhase;
			buildActionMask = 2147483647;
			files = (
				9622B89B29BE116800385F07 /* MainViewController.swift in Sources */,
				9622B89729BE116800385F07 /* AppDelegate.swift in Sources */,
				9622B89929BE116800385F07 /* SceneDelegate.swift in Sources */,
				9622B8B329BE132200385F07 /* NoteService.swift in Sources */,
				9692EC9729BE176C00578E95 /* NoteViewController.swift in Sources */,
				9622B8B129BE131000385F07 /* Note.swift in Sources */,
				96A8C83729BF1093004CA50B /* NoteViewControllerDelegate.swift in Sources */,
				968E594229C31F4500DB8C07 /* NoteCell.swift in Sources */,
			);
			runOnlyForDeploymentPostprocessing = 0;
		};
/* End PBXSourcesBuildPhase section */

/* Begin PBXVariantGroup section */
		9622B8A129BE116A00385F07 /* LaunchScreen.storyboard */ = {
			isa = PBXVariantGroup;
			children = (
				963F61CC29C4559A00CFB067 /* ru */,
				963F61CD29C455A700CFB067 /* ru */,
			);
			name = LaunchScreen.storyboard;
			sourceTree = "<group>";
		};
/* End PBXVariantGroup section */

/* Begin XCBuildConfiguration section */
		9622B8A529BE116A00385F07 /* Debug */ = {
			isa = XCBuildConfiguration;
			buildSettings = {
				ALWAYS_SEARCH_USER_PATHS = NO;
				CLANG_ANALYZER_LOCALIZABILITY_NONLOCALIZED = YES;
				CLANG_ANALYZER_NONNULL = YES;
				CLANG_ANALYZER_NUMBER_OBJECT_CONVERSION = YES_AGGRESSIVE;
				CLANG_CXX_LANGUAGE_STANDARD = "gnu++20";
				CLANG_ENABLE_MODULES = YES;
				CLANG_ENABLE_OBJC_ARC = YES;
				CLANG_ENABLE_OBJC_WEAK = YES;
				CLANG_WARN_BLOCK_CAPTURE_AUTORELEASING = YES;
				CLANG_WARN_BOOL_CONVERSION = YES;
				CLANG_WARN_COMMA = YES;
				CLANG_WARN_CONSTANT_CONVERSION = YES;
				CLANG_WARN_DEPRECATED_OBJC_IMPLEMENTATIONS = YES;
				CLANG_WARN_DIRECT_OBJC_ISA_USAGE = YES_ERROR;
				CLANG_WARN_DOCUMENTATION_COMMENTS = YES;
				CLANG_WARN_EMPTY_BODY = YES;
				CLANG_WARN_ENUM_CONVERSION = YES;
				CLANG_WARN_INFINITE_RECURSION = YES;
				CLANG_WARN_INT_CONVERSION = YES;
				CLANG_WARN_NON_LITERAL_NULL_CONVERSION = YES;
				CLANG_WARN_OBJC_IMPLICIT_RETAIN_SELF = YES;
				CLANG_WARN_OBJC_LITERAL_CONVERSION = YES;
				CLANG_WARN_OBJC_ROOT_CLASS = YES_ERROR;
				CLANG_WARN_QUOTED_INCLUDE_IN_FRAMEWORK_HEADER = YES;
				CLANG_WARN_RANGE_LOOP_ANALYSIS = YES;
				CLANG_WARN_STRICT_PROTOTYPES = YES;
				CLANG_WARN_SUSPICIOUS_MOVE = YES;
				CLANG_WARN_UNGUARDED_AVAILABILITY = YES_AGGRESSIVE;
				CLANG_WARN_UNREACHABLE_CODE = YES;
				CLANG_WARN__DUPLICATE_METHOD_MATCH = YES;
				COPY_PHASE_STRIP = NO;
				DEBUG_INFORMATION_FORMAT = dwarf;
				ENABLE_STRICT_OBJC_MSGSEND = YES;
				ENABLE_TESTABILITY = YES;
				GCC_C_LANGUAGE_STANDARD = gnu11;
				GCC_DYNAMIC_NO_PIC = NO;
				GCC_NO_COMMON_BLOCKS = YES;
				GCC_OPTIMIZATION_LEVEL = 0;
				GCC_PREPROCESSOR_DEFINITIONS = (
					"DEBUG=1",
					"$(inherited)",
				);
				GCC_WARN_64_TO_32_BIT_CONVERSION = YES;
				GCC_WARN_ABOUT_RETURN_TYPE = YES_ERROR;
				GCC_WARN_UNDECLARED_SELECTOR = YES;
				GCC_WARN_UNINITIALIZED_AUTOS = YES_AGGRESSIVE;
				GCC_WARN_UNUSED_FUNCTION = YES;
				GCC_WARN_UNUSED_VARIABLE = YES;
				IPHONEOS_DEPLOYMENT_TARGET = 16.1;
				MTL_ENABLE_DEBUG_INFO = INCLUDE_SOURCE;
				MTL_FAST_MATH = YES;
				ONLY_ACTIVE_ARCH = YES;
				SDKROOT = iphoneos;
				SWIFT_ACTIVE_COMPILATION_CONDITIONS = DEBUG;
				SWIFT_OPTIMIZATION_LEVEL = "-Onone";
			};
			name = Debug;
		};
		9622B8A629BE116A00385F07 /* Release */ = {
			isa = XCBuildConfiguration;
			buildSettings = {
				ALWAYS_SEARCH_USER_PATHS = NO;
				CLANG_ANALYZER_LOCALIZABILITY_NONLOCALIZED = YES;
				CLANG_ANALYZER_NONNULL = YES;
				CLANG_ANALYZER_NUMBER_OBJECT_CONVERSION = YES_AGGRESSIVE;
				CLANG_CXX_LANGUAGE_STANDARD = "gnu++20";
				CLANG_ENABLE_MODULES = YES;
				CLANG_ENABLE_OBJC_ARC = YES;
				CLANG_ENABLE_OBJC_WEAK = YES;
				CLANG_WARN_BLOCK_CAPTURE_AUTORELEASING = YES;
				CLANG_WARN_BOOL_CONVERSION = YES;
				CLANG_WARN_COMMA = YES;
				CLANG_WARN_CONSTANT_CONVERSION = YES;
				CLANG_WARN_DEPRECATED_OBJC_IMPLEMENTATIONS = YES;
				CLANG_WARN_DIRECT_OBJC_ISA_USAGE = YES_ERROR;
				CLANG_WARN_DOCUMENTATION_COMMENTS = YES;
				CLANG_WARN_EMPTY_BODY = YES;
				CLANG_WARN_ENUM_CONVERSION = YES;
				CLANG_WARN_INFINITE_RECURSION = YES;
				CLANG_WARN_INT_CONVERSION = YES;
				CLANG_WARN_NON_LITERAL_NULL_CONVERSION = YES;
				CLANG_WARN_OBJC_IMPLICIT_RETAIN_SELF = YES;
				CLANG_WARN_OBJC_LITERAL_CONVERSION = YES;
				CLANG_WARN_OBJC_ROOT_CLASS = YES_ERROR;
				CLANG_WARN_QUOTED_INCLUDE_IN_FRAMEWORK_HEADER = YES;
				CLANG_WARN_RANGE_LOOP_ANALYSIS = YES;
				CLANG_WARN_STRICT_PROTOTYPES = YES;
				CLANG_WARN_SUSPICIOUS_MOVE = YES;
				CLANG_WARN_UNGUARDED_AVAILABILITY = YES_AGGRESSIVE;
				CLANG_WARN_UNREACHABLE_CODE = YES;
				CLANG_WARN__DUPLICATE_METHOD_MATCH = YES;
				COPY_PHASE_STRIP = NO;
				DEBUG_INFORMATION_FORMAT = "dwarf-with-dsym";
				ENABLE_NS_ASSERTIONS = NO;
				ENABLE_STRICT_OBJC_MSGSEND = YES;
				GCC_C_LANGUAGE_STANDARD = gnu11;
				GCC_NO_COMMON_BLOCKS = YES;
				GCC_WARN_64_TO_32_BIT_CONVERSION = YES;
				GCC_WARN_ABOUT_RETURN_TYPE = YES_ERROR;
				GCC_WARN_UNDECLARED_SELECTOR = YES;
				GCC_WARN_UNINITIALIZED_AUTOS = YES_AGGRESSIVE;
				GCC_WARN_UNUSED_FUNCTION = YES;
				GCC_WARN_UNUSED_VARIABLE = YES;
				IPHONEOS_DEPLOYMENT_TARGET = 16.1;
				MTL_ENABLE_DEBUG_INFO = NO;
				MTL_FAST_MATH = YES;
				SDKROOT = iphoneos;
				SWIFT_COMPILATION_MODE = wholemodule;
				SWIFT_OPTIMIZATION_LEVEL = "-O";
				VALIDATE_PRODUCT = YES;
			};
			name = Release;
		};
		9622B8A829BE116A00385F07 /* Debug */ = {
			isa = XCBuildConfiguration;
			buildSettings = {
				ASSETCATALOG_COMPILER_APPICON_NAME = AppIcon;
				ASSETCATALOG_COMPILER_GLOBAL_ACCENT_COLOR_NAME = AccentColor;
				CODE_SIGN_STYLE = Automatic;
				CURRENT_PROJECT_VERSION = 1;
				DEVELOPMENT_TEAM = NPBX2CN8BR;
				GENERATE_INFOPLIST_FILE = YES;
				INFOPLIST_FILE = "Notes-CFT/Resources/Info.plist";
				INFOPLIST_KEY_CFBundleDisplayName = Notes;
				INFOPLIST_KEY_UIApplicationSupportsIndirectInputEvents = YES;
				INFOPLIST_KEY_UILaunchStoryboardName = LaunchScreen;
				INFOPLIST_KEY_UISupportedInterfaceOrientations = "UIInterfaceOrientationLandscapeLeft UIInterfaceOrientationLandscapeRight UIInterfaceOrientationPortrait";
				INFOPLIST_KEY_UISupportedInterfaceOrientations_iPad = "UIInterfaceOrientationLandscapeLeft UIInterfaceOrientationLandscapeRight UIInterfaceOrientationPortrait UIInterfaceOrientationPortraitUpsideDown";
				IPHONEOS_DEPLOYMENT_TARGET = 15.0;
				LD_RUNPATH_SEARCH_PATHS = (
					"$(inherited)",
					"@executable_path/Frameworks",
				);
				MARKETING_VERSION = 1.0;
				PRODUCT_BUNDLE_IDENTIFIER = "com.masnumberone.Notes-CFT";
				PRODUCT_NAME = "$(TARGET_NAME)";
				SWIFT_EMIT_LOC_STRINGS = YES;
				SWIFT_VERSION = 5.0;
				TARGETED_DEVICE_FAMILY = "1,2";
			};
			name = Debug;
		};
		9622B8A929BE116A00385F07 /* Release */ = {
			isa = XCBuildConfiguration;
			buildSettings = {
				ASSETCATALOG_COMPILER_APPICON_NAME = AppIcon;
				ASSETCATALOG_COMPILER_GLOBAL_ACCENT_COLOR_NAME = AccentColor;
				CODE_SIGN_STYLE = Automatic;
				CURRENT_PROJECT_VERSION = 1;
				DEVELOPMENT_TEAM = NPBX2CN8BR;
				GENERATE_INFOPLIST_FILE = YES;
				INFOPLIST_FILE = "Notes-CFT/Resources/Info.plist";
				INFOPLIST_KEY_CFBundleDisplayName = Notes;
				INFOPLIST_KEY_UIApplicationSupportsIndirectInputEvents = YES;
				INFOPLIST_KEY_UILaunchStoryboardName = LaunchScreen;
				INFOPLIST_KEY_UISupportedInterfaceOrientations = "UIInterfaceOrientationLandscapeLeft UIInterfaceOrientationLandscapeRight UIInterfaceOrientationPortrait";
				INFOPLIST_KEY_UISupportedInterfaceOrientations_iPad = "UIInterfaceOrientationLandscapeLeft UIInterfaceOrientationLandscapeRight UIInterfaceOrientationPortrait UIInterfaceOrientationPortraitUpsideDown";
				IPHONEOS_DEPLOYMENT_TARGET = 15.0;
				LD_RUNPATH_SEARCH_PATHS = (
					"$(inherited)",
					"@executable_path/Frameworks",
				);
				MARKETING_VERSION = 1.0;
				PRODUCT_BUNDLE_IDENTIFIER = "com.masnumberone.Notes-CFT";
				PRODUCT_NAME = "$(TARGET_NAME)";
				SWIFT_EMIT_LOC_STRINGS = YES;
				SWIFT_VERSION = 5.0;
				TARGETED_DEVICE_FAMILY = "1,2";
			};
			name = Release;
		};
/* End XCBuildConfiguration section */

/* Begin XCConfigurationList section */
		9622B88E29BE116800385F07 /* Build configuration list for PBXProject "Notes-CFT" */ = {
			isa = XCConfigurationList;
			buildConfigurations = (
				9622B8A529BE116A00385F07 /* Debug */,
				9622B8A629BE116A00385F07 /* Release */,
			);
			defaultConfigurationIsVisible = 0;
			defaultConfigurationName = Release;
		};
		9622B8A729BE116A00385F07 /* Build configuration list for PBXNativeTarget "Notes-CFT" */ = {
			isa = XCConfigurationList;
			buildConfigurations = (
				9622B8A829BE116A00385F07 /* Debug */,
				9622B8A929BE116A00385F07 /* Release */,
			);
			defaultConfigurationIsVisible = 0;
			defaultConfigurationName = Release;
		};
/* End XCConfigurationList section */
	};
	rootObject = 9622B88B29BE116800385F07 /* Project object */;
}
